
Microsoft Visual Studio Solution File, Format Version 12.00
# Visual Studio Version 16
VisualStudioVersion = 16.0.31424.327
MinimumVisualStudioVersion = 10.0.40219.1
Project("{FAE04EC0-301F-11D3-BF4B-00C04F79EFBC}") = "WebApiASPDotNetCore", "WebApiASPDotNetCore\WebApiASPDotNetCore.csproj", "{EE6BDBE4-AD0C-4877-BA9F-E9FEFE4F83E9}"
EndProject
Global
	GlobalSection(SolutionConfigurationPlatforms) = preSolution
		Debug|Any CPU = Debug|Any CPU
		Release|Any CPU = Release|Any CPU
	EndGlobalSection
	GlobalSection(ProjectConfigurationPlatforms) = postSolution
		{EE6BDBE4-AD0C-4877-BA9F-E9FEFE4F83E9}.Debug|Any CPU.ActiveCfg = Debug|Any CPU
		{EE6BDBE4-AD0C-4877-BA9F-E9FEFE4F83E9}.Debug|Any CPU.Build.0 = Debug|Any CPU
		{EE6BDBE4-AD0C-4877-BA9F-E9FEFE4F83E9}.Release|Any CPU.ActiveCfg = Release|Any CPU
		{EE6BDBE4-AD0C-4877-BA9F-E9FEFE4F83E9}.Release|Any CPU.Build.0 = Release|Any CPU
	EndGlobalSection
	GlobalSection(SolutionProperties) = preSolution
		HideSolutionNode = FALSE
	EndGlobalSection
	GlobalSection(ExtensibilityGlobals) = postSolution
		SolutionGuid = {6D964DC9-8F78-4DE2-91F3-CF9BE1C459FC}
	EndGlobalSection
EndGlobal
